
Microsoft Visual Studio Solution File, Format Version 11.00
# Visual Studio 2010
Project("{FAE04EC0-301F-11D3-BF4B-00C04F79EFBC}") = "Gurux.Service", "Gurux.Service.csproj", "{55CDF86A-FB1D-4210-8C64-76645010990B}"
EndProject
Global
	GlobalSection(SolutionConfigurationPlatforms) = preSolution
		Debug|Any CPU = Debug|Any CPU
		Release|Any CPU = Release|Any CPU
	EndGlobalSection
	GlobalSection(ProjectConfigurationPlatforms) = postSolution
		{55CDF86A-FB1D-4210-8C64-76645010990B}.Debug|Any CPU.ActiveCfg = Debug|Any CPU
		{55CDF86A-FB1D-4210-8C64-76645010990B}.Debug|Any CPU.Build.0 = Debug|Any CPU
		{55CDF86A-FB1D-4210-8C64-76645010990B}.Release|Any CPU.ActiveCfg = Release|Any CPU
		{55CDF86A-FB1D-4210-8C64-76645010990B}.Release|Any CPU.Build.0 = Release|Any CPU
	EndGlobalSection
	GlobalSection(SolutionProperties) = preSolution
		HideSolutionNode = FALSE
	EndGlobalSection
EndGlobal
