
Microsoft Visual Studio Solution File, Format Version 12.00
# Visual Studio Version 16
VisualStudioVersion = 16.0.31702.278
MinimumVisualStudioVersion = 10.0.40219.1
Project("{9A19103F-16F7-4668-BE54-9A1E7A4F7556}") = "Gurux.Service_Simple_Unit_Test", "Gurux.Service_Simple_Unit_Test.csproj", "{9E30E03A-E4D3-4916-89C8-46AE4C54AE06}"
EndProject
Project("{2150E333-8FDC-42A3-9474-1A3956D46DE8}") = "Solution Items", "Solution Items", "{0CE3AF51-7103-4D41-A59F-6C8F1AF8B7C6}"
	ProjectSection(SolutionItems) = preProject
		Gurux.Service_Simple_Unit_Test.vsmdi = Gurux.Service_Simple_Unit_Test.vsmdi
		Local.testsettings = Local.testsettings
	EndProjectSection
EndProject
Project("{9A19103F-16F7-4668-BE54-9A1E7A4F7556}") = "Gurux.Service", "..\Development\Gurux.Service.csproj", "{55CDF86A-FB1D-4210-8C64-76645010990B}"
EndProject
Project("{9A19103F-16F7-4668-BE54-9A1E7A4F7556}") = "Gurux.DLMS.AMI.Messages", "..\..\..\Gurux.DLMS.AMI2\Gurux.DLMS.AMI.Messages\Gurux.DLMS.AMI.Messages.csproj", "{B6CCD2C1-A1D0-426D-8EFC-83F489D921C4}"
EndProject
Global
	GlobalSection(SolutionConfigurationPlatforms) = preSolution
		Debug|Any CPU = Debug|Any CPU
		Release|Any CPU = Release|Any CPU
	EndGlobalSection
	GlobalSection(ProjectConfigurationPlatforms) = postSolution
		{9E30E03A-E4D3-4916-89C8-46AE4C54AE06}.Debug|Any CPU.ActiveCfg = Debug|Any CPU
		{9E30E03A-E4D3-4916-89C8-46AE4C54AE06}.Debug|Any CPU.Build.0 = Debug|Any CPU
		{9E30E03A-E4D3-4916-89C8-46AE4C54AE06}.Release|Any CPU.ActiveCfg = Release|Any CPU
		{9E30E03A-E4D3-4916-89C8-46AE4C54AE06}.Release|Any CPU.Build.0 = Release|Any CPU
		{55CDF86A-FB1D-4210-8C64-76645010990B}.Debug|Any CPU.ActiveCfg = Debug|Any CPU
		{55CDF86A-FB1D-4210-8C64-76645010990B}.Debug|Any CPU.Build.0 = Debug|Any CPU
		{55CDF86A-FB1D-4210-8C64-76645010990B}.Release|Any CPU.ActiveCfg = Release|Any CPU
		{55CDF86A-FB1D-4210-8C64-76645010990B}.Release|Any CPU.Build.0 = Release|Any CPU
		{B6CCD2C1-A1D0-426D-8EFC-83F489D921C4}.Debug|Any CPU.ActiveCfg = Debug|Any CPU
		{B6CCD2C1-A1D0-426D-8EFC-83F489D921C4}.Debug|Any CPU.Build.0 = Debug|Any CPU
		{B6CCD2C1-A1D0-426D-8EFC-83F489D921C4}.Release|Any CPU.ActiveCfg = Release|Any CPU
		{B6CCD2C1-A1D0-426D-8EFC-83F489D921C4}.Release|Any CPU.Build.0 = Release|Any CPU
	EndGlobalSection
	GlobalSection(SolutionProperties) = preSolution
		HideSolutionNode = FALSE
	EndGlobalSection
	GlobalSection(ExtensibilityGlobals) = postSolution
		SolutionGuid = {33E8C7DC-98AE-4B2B-93F6-33688CB7141E}
	EndGlobalSection
	GlobalSection(TestCaseManagementSettings) = postSolution
		CategoryFile = Gurux.Service_Simple_Unit_Test.vsmdi
	EndGlobalSection
EndGlobal
