
Microsoft Visual Studio Solution File, Format Version 12.00
# Visual Studio Version 17
VisualStudioVersion = 17.7.34003.232
MinimumVisualStudioVersion = 10.0.40219.1
Project("{FAE04EC0-301F-11D3-BF4B-00C04F79EFBC}") = "Gurux.Service.DB.Tests", "Gurux.Service.DB.Tests\Gurux.Service.DB.Tests.csproj", "{3D9A3820-84B6-43C4-97C9-4AB12E41E54B}"
EndProject
Project("{FAE04EC0-301F-11D3-BF4B-00C04F79EFBC}") = "Gurux.Service", "..\Development\Gurux.Service.csproj", "{EC042F37-BBF8-BB04-F8D4-62C84859AC1D}"
EndProject
Global
	GlobalSection(SolutionConfigurationPlatforms) = preSolution
		Debug|Any CPU = Debug|Any CPU
		Release|Any CPU = Release|Any CPU
	EndGlobalSection
	GlobalSection(ProjectConfigurationPlatforms) = postSolution
		{3D9A3820-84B6-43C4-97C9-4AB12E41E54B}.Debug|Any CPU.ActiveCfg = Debug|Any CPU
		{3D9A3820-84B6-43C4-97C9-4AB12E41E54B}.Debug|Any CPU.Build.0 = Debug|Any CPU
		{3D9A3820-84B6-43C4-97C9-4AB12E41E54B}.Release|Any CPU.ActiveCfg = Release|Any CPU
		{3D9A3820-84B6-43C4-97C9-4AB12E41E54B}.Release|Any CPU.Build.0 = Release|Any CPU
		{EC042F37-BBF8-BB04-F8D4-62C84859AC1D}.Debug|Any CPU.ActiveCfg = Debug|Any CPU
		{EC042F37-BBF8-BB04-F8D4-62C84859AC1D}.Debug|Any CPU.Build.0 = Debug|Any CPU
		{EC042F37-BBF8-BB04-F8D4-62C84859AC1D}.Release|Any CPU.ActiveCfg = Release|Any CPU
		{EC042F37-BBF8-BB04-F8D4-62C84859AC1D}.Release|Any CPU.Build.0 = Release|Any CPU
	EndGlobalSection
	GlobalSection(SolutionProperties) = preSolution
		HideSolutionNode = FALSE
	EndGlobalSection
	GlobalSection(ExtensibilityGlobals) = postSolution
		SolutionGuid = {8263158A-C315-47F3-B4F3-A518FF21A88C}
	EndGlobalSection
EndGlobal
